// !$*UTF8*$!
{
	archiveVersion = 1;
	classes = {
	};
	objectVersion = 46;
	objects = {

/* Begin PBXBuildFile section */
		AA2EE6211B9F5CC40068D910 /* main.m in Sources */ = {isa = PBXBuildFile; fileRef = AA2EE6201B9F5CC40068D910 /* main.m */; };
		AA2EE6241B9F5CC40068D910 /* AppDelegate.m in Sources */ = {isa = PBXBuildFile; fileRef = AA2EE6231B9F5CC40068D910 /* AppDelegate.m */; };
		AA2EE6271B9F5CC40068D910 /* MasterViewController.m in Sources */ = {isa = PBXBuildFile; fileRef = AA2EE6261B9F5CC40068D910 /* MasterViewController.m */; };
		AA2EE62A1B9F5CC40068D910 /* DetailViewController.m in Sources */ = {isa = PBXBuildFile; fileRef = AA2EE6291B9F5CC40068D910 /* DetailViewController.m */; };
		AA2EE62D1B9F5CC40068D910 /* Main.storyboard in Resources */ = {isa = PBXBuildFile; fileRef = AA2EE62B1B9F5CC40068D910 /* Main.storyboard */; };
		AA2EE62F1B9F5CC40068D910 /* Images.xcassets in Resources */ = {isa = PBXBuildFile; fileRef = AA2EE62E1B9F5CC40068D910 /* Images.xcassets */; };
		AA2EE6321B9F5CC40068D910 /* LaunchScreen.xib in Resources */ = {isa = PBXBuildFile; fileRef = AA2EE6301B9F5CC40068D910 /* LaunchScreen.xib */; };
		AA2EE63E1B9F5CC40068D910 /* EveryDoTests.m in Sources */ = {isa = PBXBuildFile; fileRef = AA2EE63D1B9F5CC40068D910 /* EveryDoTests.m */; };
		AA2EE6491B9F5F440068D910 /* ToDo.m in Sources */ = {isa = PBXBuildFile; fileRef = AA2EE6481B9F5F440068D910 /* ToDo.m */; };
		AA2EE64C1B9F74C40068D910 /* ToDoCell.m in Sources */ = {isa = PBXBuildFile; fileRef = AA2EE64B1B9F74C40068D910 /* ToDoCell.m */; };
		AA2EE64F1B9F9F720068D910 /* AddNewToDoVC.m in Sources */ = {isa = PBXBuildFile; fileRef = AA2EE64E1B9F9F720068D910 /* AddNewToDoVC.m */; };
/* End PBXBuildFile section */

/* Begin PBXContainerItemProxy section */
		AA2EE6381B9F5CC40068D910 /* PBXContainerItemProxy */ = {
			isa = PBXContainerItemProxy;
			containerPortal = AA2EE6131B9F5CC40068D910 /* Project object */;
			proxyType = 1;
			remoteGlobalIDString = AA2EE61A1B9F5CC40068D910;
			remoteInfo = EveryDo;
		};
/* End PBXContainerItemProxy section */

/* Begin PBXFileReference section */
		AA2EE61B1B9F5CC40068D910 /* EveryDo.app */ = {isa = PBXFileReference; explicitFileType = wrapper.application; includeInIndex = 0; path = EveryDo.app; sourceTree = BUILT_PRODUCTS_DIR; };
		AA2EE61F1B9F5CC40068D910 /* Info.plist */ = {isa = PBXFileReference; lastKnownFileType = text.plist.xml; path = Info.plist; sourceTree = "<group>"; };
		AA2EE6201B9F5CC40068D910 /* main.m */ = {isa = PBXFileReference; lastKnownFileType = sourcecode.c.objc; path = main.m; sourceTree = "<group>"; };
		AA2EE6221B9F5CC40068D910 /* AppDelegate.h */ = {isa = PBXFileReference; lastKnownFileType = sourcecode.c.h; path = AppDelegate.h; sourceTree = "<group>"; };
		AA2EE6231B9F5CC40068D910 /* AppDelegate.m */ = {isa = PBXFileReference; lastKnownFileType = sourcecode.c.objc; path = AppDelegate.m; sourceTree = "<group>"; };
		AA2EE6251B9F5CC40068D910 /* MasterViewController.h */ = {isa = PBXFileReference; lastKnownFileType = sourcecode.c.h; path = MasterViewController.h; sourceTree = "<group>"; };
		AA2EE6261B9F5CC40068D910 /* MasterViewController.m */ = {isa = PBXFileReference; lastKnownFileType = sourcecode.c.objc; path = MasterViewController.m; sourceTree = "<group>"; };
		AA2EE6281B9F5CC40068D910 /* DetailViewController.h */ = {isa = PBXFileReference; lastKnownFileType = sourcecode.c.h; path = DetailViewController.h; sourceTree = "<group>"; };
		AA2EE6291B9F5CC40068D910 /* DetailViewController.m */ = {isa = PBXFileReference; lastKnownFileType = sourcecode.c.objc; path = DetailViewController.m; sourceTree = "<group>"; };
		AA2EE62C1B9F5CC40068D910 /* Base */ = {isa = PBXFileReference; lastKnownFileType = file.storyboard; name = Base; path = Base.lproj/Main.storyboard; sourceTree = "<group>"; };
		AA2EE62E1B9F5CC40068D910 /* Images.xcassets */ = {isa = PBXFileReference; lastKnownFileType = folder.assetcatalog; path = Images.xcassets; sourceTree = "<group>"; };
		AA2EE6311B9F5CC40068D910 /* Base */ = {isa = PBXFileReference; lastKnownFileType = file.xib; name = Base; path = Base.lproj/LaunchScreen.xib; sourceTree = "<group>"; };
		AA2EE6371B9F5CC40068D910 /* EveryDoTests.xctest */ = {isa = PBXFileReference; explicitFileType = wrapper.cfbundle; includeInIndex = 0; path = EveryDoTests.xctest; sourceTree = BUILT_PRODUCTS_DIR; };
		AA2EE63C1B9F5CC40068D910 /* Info.plist */ = {isa = PBXFileReference; lastKnownFileType = text.plist.xml; path = Info.plist; sourceTree = "<group>"; };
		AA2EE63D1B9F5CC40068D910 /* EveryDoTests.m */ = {isa = PBXFileReference; lastKnownFileType = sourcecode.c.objc; path = EveryDoTests.m; sourceTree = "<group>"; };
		AA2EE6471B9F5F440068D910 /* ToDo.h */ = {isa = PBXFileReference; fileEncoding = 4; lastKnownFileType = sourcecode.c.h; name = ToDo.h; path = ../ToDo.h; sourceTree = "<group>"; };
		AA2EE6481B9F5F440068D910 /* ToDo.m */ = {isa = PBXFileReference; fileEncoding = 4; lastKnownFileType = sourcecode.c.objc; name = ToDo.m; path = ../ToDo.m; sourceTree = "<group>"; };
		AA2EE64A1B9F74C40068D910 /* ToDoCell.h */ = {isa = PBXFileReference; fileEncoding = 4; lastKnownFileType = sourcecode.c.h; path = ToDoCell.h; sourceTree = "<group>"; };
		AA2EE64B1B9F74C40068D910 /* ToDoCell.m */ = {isa = PBXFileReference; fileEncoding = 4; lastKnownFileType = sourcecode.c.objc; path = ToDoCell.m; sourceTree = "<group>"; };
		AA2EE64D1B9F9F720068D910 /* AddNewToDoVC.h */ = {isa = PBXFileReference; fileEncoding = 4; lastKnownFileType = sourcecode.c.h; path = AddNewToDoVC.h; sourceTree = "<group>"; };
		AA2EE64E1B9F9F720068D910 /* AddNewToDoVC.m */ = {isa = PBXFileReference; fileEncoding = 4; lastKnownFileType = sourcecode.c.objc; path = AddNewToDoVC.m; sourceTree = "<group>"; };
/* End PBXFileReference section */

/* Begin PBXFrameworksBuildPhase section */
		AA2EE6181B9F5CC40068D910 /* Frameworks */ = {
			isa = PBXFrameworksBuildPhase;
			buildActionMask = 2147483647;
			files = (
			);
			runOnlyForDeploymentPostprocessing = 0;
		};
		AA2EE6341B9F5CC40068D910 /* Frameworks */ = {
			isa = PBXFrameworksBuildPhase;
			buildActionMask = 2147483647;
			files = (
			);
			runOnlyForDeploymentPostprocessing = 0;
		};
/* End PBXFrameworksBuildPhase section */

/* Begin PBXGroup section */
		AA2EE6121B9F5CC40068D910 = {
			isa = PBXGroup;
			children = (
				AA2EE61D1B9F5CC40068D910 /* EveryDo */,
				AA2EE63A1B9F5CC40068D910 /* EveryDoTests */,
				AA2EE61C1B9F5CC40068D910 /* Products */,
			);
			sourceTree = "<group>";
		};
		AA2EE61C1B9F5CC40068D910 /* Products */ = {
			isa = PBXGroup;
			children = (
				AA2EE61B1B9F5CC40068D910 /* EveryDo.app */,
				AA2EE6371B9F5CC40068D910 /* EveryDoTests.xctest */,
			);
			name = Products;
			sourceTree = "<group>";
		};
		AA2EE61D1B9F5CC40068D910 /* EveryDo */ = {
			isa = PBXGroup;
			children = (
				AA2EE6221B9F5CC40068D910 /* AppDelegate.h */,
				AA2EE6231B9F5CC40068D910 /* AppDelegate.m */,
				AA2EE6251B9F5CC40068D910 /* MasterViewController.h */,
				AA2EE6261B9F5CC40068D910 /* MasterViewController.m */,
				AA2EE6281B9F5CC40068D910 /* DetailViewController.h */,
				AA2EE6291B9F5CC40068D910 /* DetailViewController.m */,
				AA2EE6471B9F5F440068D910 /* ToDo.h */,
				AA2EE6481B9F5F440068D910 /* ToDo.m */,
				AA2EE64A1B9F74C40068D910 /* ToDoCell.h */,
				AA2EE64B1B9F74C40068D910 /* ToDoCell.m */,
				AA2EE64D1B9F9F720068D910 /* AddNewToDoVC.h */,
				AA2EE64E1B9F9F720068D910 /* AddNewToDoVC.m */,
				AA2EE62B1B9F5CC40068D910 /* Main.storyboard */,
				AA2EE62E1B9F5CC40068D910 /* Images.xcassets */,
				AA2EE6301B9F5CC40068D910 /* LaunchScreen.xib */,
				AA2EE61E1B9F5CC40068D910 /* Supporting Files */,
			);
			path = EveryDo;
			sourceTree = "<group>";
		};
		AA2EE61E1B9F5CC40068D910 /* Supporting Files */ = {
			isa = PBXGroup;
			children = (
				AA2EE61F1B9F5CC40068D910 /* Info.plist */,
				AA2EE6201B9F5CC40068D910 /* main.m */,
			);
			name = "Supporting Files";
			sourceTree = "<group>";
		};
		AA2EE63A1B9F5CC40068D910 /* EveryDoTests */ = {
			isa = PBXGroup;
			children = (
				AA2EE63D1B9F5CC40068D910 /* EveryDoTests.m */,
				AA2EE63B1B9F5CC40068D910 /* Supporting Files */,
			);
			path = EveryDoTests;
			sourceTree = "<group>";
		};
		AA2EE63B1B9F5CC40068D910 /* Supporting Files */ = {
			isa = PBXGroup;
			children = (
				AA2EE63C1B9F5CC40068D910 /* Info.plist */,
			);
			name = "Supporting Files";
			sourceTree = "<group>";
		};
/* End PBXGroup section */

/* Begin PBXNativeTarget section */
		AA2EE61A1B9F5CC40068D910 /* EveryDo */ = {
			isa = PBXNativeTarget;
			buildConfigurationList = AA2EE6411B9F5CC40068D910 /* Build configuration list for PBXNativeTarget "EveryDo" */;
			buildPhases = (
				AA2EE6171B9F5CC40068D910 /* Sources */,
				AA2EE6181B9F5CC40068D910 /* Frameworks */,
				AA2EE6191B9F5CC40068D910 /* Resources */,
			);
			buildRules = (
			);
			dependencies = (
			);
			name = EveryDo;
			productName = EveryDo;
			productReference = AA2EE61B1B9F5CC40068D910 /* EveryDo.app */;
			productType = "com.apple.product-type.application";
		};
		AA2EE6361B9F5CC40068D910 /* EveryDoTests */ = {
			isa = PBXNativeTarget;
			buildConfigurationList = AA2EE6441B9F5CC40068D910 /* Build configuration list for PBXNativeTarget "EveryDoTests" */;
			buildPhases = (
				AA2EE6331B9F5CC40068D910 /* Sources */,
				AA2EE6341B9F5CC40068D910 /* Frameworks */,
				AA2EE6351B9F5CC40068D910 /* Resources */,
			);
			buildRules = (
			);
			dependencies = (
				AA2EE6391B9F5CC40068D910 /* PBXTargetDependency */,
			);
			name = EveryDoTests;
			productName = EveryDoTests;
			productReference = AA2EE6371B9F5CC40068D910 /* EveryDoTests.xctest */;
			productType = "com.apple.product-type.bundle.unit-test";
		};
/* End PBXNativeTarget section */

/* Begin PBXProject section */
		AA2EE6131B9F5CC40068D910 /* Project object */ = {
			isa = PBXProject;
			attributes = {
				LastUpgradeCheck = 0640;
				ORGANIZATIONNAME = KatieExpatriated;
				TargetAttributes = {
					AA2EE61A1B9F5CC40068D910 = {
						CreatedOnToolsVersion = 6.4;
					};
					AA2EE6361B9F5CC40068D910 = {
						CreatedOnToolsVersion = 6.4;
						TestTargetID = AA2EE61A1B9F5CC40068D910;
					};
				};
			};
			buildConfigurationList = AA2EE6161B9F5CC40068D910 /* Build configuration list for PBXProject "EveryDo" */;
			compatibilityVersion = "Xcode 3.2";
			developmentRegion = English;
			hasScannedForEncodings = 0;
			knownRegions = (
				en,
				Base,
			);
			mainGroup = AA2EE6121B9F5CC40068D910;
			productRefGroup = AA2EE61C1B9F5CC40068D910 /* Products */;
			projectDirPath = "";
			projectRoot = "";
			targets = (
				AA2EE61A1B9F5CC40068D910 /* EveryDo */,
				AA2EE6361B9F5CC40068D910 /* EveryDoTests */,
			);
		};
/* End PBXProject section */

/* Begin PBXResourcesBuildPhase section */
		AA2EE6191B9F5CC40068D910 /* Resources */ = {
			isa = PBXResourcesBuildPhase;
			buildActionMask = 2147483647;
			files = (
				AA2EE62D1B9F5CC40068D910 /* Main.storyboard in Resources */,
				AA2EE6321B9F5CC40068D910 /* LaunchScreen.xib in Resources */,
				AA2EE62F1B9F5CC40068D910 /* Images.xcassets in Resources */,
			);
			runOnlyForDeploymentPostprocessing = 0;
		};
		AA2EE6351B9F5CC40068D910 /* Resources */ = {
			isa = PBXResourcesBuildPhase;
			buildActionMask = 2147483647;
			files = (
			);
			runOnlyForDeploymentPostprocessing = 0;
		};
/* End PBXResourcesBuildPhase section */

/* Begin PBXSourcesBuildPhase section */
		AA2EE6171B9F5CC40068D910 /* Sources */ = {
			isa = PBXSourcesBuildPhase;
			buildActionMask = 2147483647;
			files = (
				AA2EE6491B9F5F440068D910 /* ToDo.m in Sources */,
				AA2EE6241B9F5CC40068D910 /* AppDelegate.m in Sources */,
				AA2EE6271B9F5CC40068D910 /* MasterViewController.m in Sources */,
				AA2EE6211B9F5CC40068D910 /* main.m in Sources */,
				AA2EE62A1B9F5CC40068D910 /* DetailViewController.m in Sources */,
				AA2EE64C1B9F74C40068D910 /* ToDoCell.m in Sources */,
				AA2EE64F1B9F9F720068D910 /* AddNewToDoVC.m in Sources */,
			);
			runOnlyForDeploymentPostprocessing = 0;
		};
		AA2EE6331B9F5CC40068D910 /* Sources */ = {
			isa = PBXSourcesBuildPhase;
			buildActionMask = 2147483647;
			files = (
				AA2EE63E1B9F5CC40068D910 /* EveryDoTests.m in Sources */,
			);
			runOnlyForDeploymentPostprocessing = 0;
		};
/* End PBXSourcesBuildPhase section */

/* Begin PBXTargetDependency section */
		AA2EE6391B9F5CC40068D910 /* PBXTargetDependency */ = {
			isa = PBXTargetDependency;
			target = AA2EE61A1B9F5CC40068D910 /* EveryDo */;
			targetProxy = AA2EE6381B9F5CC40068D910 /* PBXContainerItemProxy */;
		};
/* End PBXTargetDependency section */

/* Begin PBXVariantGroup section */
		AA2EE62B1B9F5CC40068D910 /* Main.storyboard */ = {
			isa = PBXVariantGroup;
			children = (
				AA2EE62C1B9F5CC40068D910 /* Base */,
			);
			name = Main.storyboard;
			sourceTree = "<group>";
		};
		AA2EE6301B9F5CC40068D910 /* LaunchScreen.xib */ = {
			isa = PBXVariantGroup;
			children = (
				AA2EE6311B9F5CC40068D910 /* Base */,
			);
			name = LaunchScreen.xib;
			sourceTree = "<group>";
		};
/* End PBXVariantGroup section */

/* Begin XCBuildConfiguration section */
		AA2EE63F1B9F5CC40068D910 /* Debug */ = {
			isa = XCBuildConfiguration;
			buildSettings = {
				ALWAYS_SEARCH_USER_PATHS = NO;
				CLANG_CXX_LANGUAGE_STANDARD = "gnu++0x";
				CLANG_CXX_LIBRARY = "libc++";
				CLANG_ENABLE_MODULES = YES;
				CLANG_ENABLE_OBJC_ARC = YES;
				CLANG_WARN_BOOL_CONVERSION = YES;
				CLANG_WARN_CONSTANT_CONVERSION = YES;
				CLANG_WARN_DIRECT_OBJC_ISA_USAGE = YES_ERROR;
				CLANG_WARN_EMPTY_BODY = YES;
				CLANG_WARN_ENUM_CONVERSION = YES;
				CLANG_WARN_INT_CONVERSION = YES;
				CLANG_WARN_OBJC_ROOT_CLASS = YES_ERROR;
				CLANG_WARN_UNREACHABLE_CODE = YES;
				CLANG_WARN__DUPLICATE_METHOD_MATCH = YES;
				"CODE_SIGN_IDENTITY[sdk=iphoneos*]" = "iPhone Developer";
				COPY_PHASE_STRIP = NO;
				DEBUG_INFORMATION_FORMAT = "dwarf-with-dsym";
				ENABLE_STRICT_OBJC_MSGSEND = YES;
				GCC_C_LANGUAGE_STANDARD = gnu99;
				GCC_DYNAMIC_NO_PIC = NO;
				GCC_NO_COMMON_BLOCKS = YES;
				GCC_OPTIMIZATION_LEVEL = 0;
				GCC_PREPROCESSOR_DEFINITIONS = (
					"DEBUG=1",
					"$(inherited)",
				);
				GCC_SYMBOLS_PRIVATE_EXTERN = NO;
				GCC_WARN_64_TO_32_BIT_CONVERSION = YES;
				GCC_WARN_ABOUT_RETURN_TYPE = YES_ERROR;
				GCC_WARN_UNDECLARED_SELECTOR = YES;
				GCC_WARN_UNINITIALIZED_AUTOS = YES_AGGRESSIVE;
				GCC_WARN_UNUSED_FUNCTION = YES;
				GCC_WARN_UNUSED_VARIABLE = YES;
				IPHONEOS_DEPLOYMENT_TARGET = 8.4;
				MTL_ENABLE_DEBUG_INFO = YES;
				ONLY_ACTIVE_ARCH = YES;
				SDKROOT = iphoneos;
			};
			name = Debug;
		};
		AA2EE6401B9F5CC40068D910 /* Release */ = {
			isa = XCBuildConfiguration;
			buildSettings = {
				ALWAYS_SEARCH_USER_PATHS = NO;
				CLANG_CXX_LANGUAGE_STANDARD = "gnu++0x";
				CLANG_CXX_LIBRARY = "libc++";
				CLANG_ENABLE_MODULES = YES;
				CLANG_ENABLE_OBJC_ARC = YES;
				CLANG_WARN_BOOL_CONVERSION = YES;
				CLANG_WARN_CONSTANT_CONVERSION = YES;
				CLANG_WARN_DIRECT_OBJC_ISA_USAGE = YES_ERROR;
				CLANG_WARN_EMPTY_BODY = YES;
				CLANG_WARN_ENUM_CONVERSION = YES;
				CLANG_WARN_INT_CONVERSION = YES;
				CLANG_WARN_OBJC_ROOT_CLASS = YES_ERROR;
				CLANG_WARN_UNREACHABLE_CODE = YES;
				CLANG_WARN__DUPLICATE_METHOD_MATCH = YES;
				"CODE_SIGN_IDENTITY[sdk=iphoneos*]" = "iPhone Developer";
				COPY_PHASE_STRIP = NO;
				DEBUG_INFORMATION_FORMAT = "dwarf-with-dsym";
				ENABLE_NS_ASSERTIONS = NO;
				ENABLE_STRICT_OBJC_MSGSEND = YES;
				GCC_C_LANGUAGE_STANDARD = gnu99;
				GCC_NO_COMMON_BLOCKS = YES;
				GCC_WARN_64_TO_32_BIT_CONVERSION = YES;
				GCC_WARN_ABOUT_RETURN_TYPE = YES_ERROR;
				GCC_WARN_UNDECLARED_SELECTOR = YES;
				GCC_WARN_UNINITIALIZED_AUTOS = YES_AGGRESSIVE;
				GCC_WARN_UNUSED_FUNCTION = YES;
				GCC_WARN_UNUSED_VARIABLE = YES;
				IPHONEOS_DEPLOYMENT_TARGET = 8.4;
				MTL_ENABLE_DEBUG_INFO = NO;
				SDKROOT = iphoneos;
				VALIDATE_PRODUCT = YES;
			};
			name = Release;
		};
		AA2EE6421B9F5CC40068D910 /* Debug */ = {
			isa = XCBuildConfiguration;
			buildSettings = {
				ASSETCATALOG_COMPILER_APPICON_NAME = AppIcon;
				INFOPLIST_FILE = EveryDo/Info.plist;
				LD_RUNPATH_SEARCH_PATHS = "$(inherited) @executable_path/Frameworks";
				PRODUCT_NAME = "$(TARGET_NAME)";
			};
			name = Debug;
		};
		AA2EE6431B9F5CC40068D910 /* Release */ = {
			isa = XCBuildConfiguration;
			buildSettings = {
				ASSETCATALOG_COMPILER_APPICON_NAME = AppIcon;
				INFOPLIST_FILE = EveryDo/Info.plist;
				LD_RUNPATH_SEARCH_PATHS = "$(inherited) @executable_path/Frameworks";
				PRODUCT_NAME = "$(TARGET_NAME)";
			};
			name = Release;
		};
		AA2EE6451B9F5CC40068D910 /* Debug */ = {
			isa = XCBuildConfiguration;
			buildSettings = {
				BUNDLE_LOADER = "$(TEST_HOST)";
				FRAMEWORK_SEARCH_PATHS = (
					"$(SDKROOT)/Developer/Library/Frameworks",
					"$(inherited)",
				);
				GCC_PREPROCESSOR_DEFINITIONS = (
					"DEBUG=1",
					"$(inherited)",
				);
				INFOPLIST_FILE = EveryDoTests/Info.plist;
				LD_RUNPATH_SEARCH_PATHS = "$(inherited) @executable_path/Frameworks @loader_path/Frameworks";
				PRODUCT_NAME = "$(TARGET_NAME)";
				TEST_HOST = "$(BUILT_PRODUCTS_DIR)/EveryDo.app/EveryDo";
			};
			name = Debug;
		};
		AA2EE6461B9F5CC40068D910 /* Release */ = {
			isa = XCBuildConfiguration;
			buildSettings = {
				BUNDLE_LOADER = "$(TEST_HOST)";
				FRAMEWORK_SEARCH_PATHS = (
					"$(SDKROOT)/Developer/Library/Frameworks",
					"$(inherited)",
				);
				INFOPLIST_FILE = EveryDoTests/Info.plist;
				LD_RUNPATH_SEARCH_PATHS = "$(inherited) @executable_path/Frameworks @loader_path/Frameworks";
				PRODUCT_NAME = "$(TARGET_NAME)";
				TEST_HOST = "$(BUILT_PRODUCTS_DIR)/EveryDo.app/EveryDo";
			};
			name = Release;
		};
/* End XCBuildConfiguration section */

/* Begin XCConfigurationList section */
		AA2EE6161B9F5CC40068D910 /* Build configuration list for PBXProject "EveryDo" */ = {
			isa = XCConfigurationList;
			buildConfigurations = (
				AA2EE63F1B9F5CC40068D910 /* Debug */,
				AA2EE6401B9F5CC40068D910 /* Release */,
			);
			defaultConfigurationIsVisible = 0;
			defaultConfigurationName = Release;
		};
		AA2EE6411B9F5CC40068D910 /* Build configuration list for PBXNativeTarget "EveryDo" */ = {
			isa = XCConfigurationList;
			buildConfigurations = (
				AA2EE6421B9F5CC40068D910 /* Debug */,
				AA2EE6431B9F5CC40068D910 /* Release */,
			);
			defaultConfigurationIsVisible = 0;
		};
		AA2EE6441B9F5CC40068D910 /* Build configuration list for PBXNativeTarget "EveryDoTests" */ = {
			isa = XCConfigurationList;
			buildConfigurations = (
				AA2EE6451B9F5CC40068D910 /* Debug */,
				AA2EE6461B9F5CC40068D910 /* Release */,
			);
			defaultConfigurationIsVisible = 0;
		};
/* End XCConfigurationList section */
	};
	rootObject = AA2EE6131B9F5CC40068D910 /* Project object */;
}
